{
    "_readme": [
        "This file locks the dependencies of your project to a known state",
        "Read more about it at https://getcomposer.org/doc/01-basic-usage.md#composer-lock-the-lock-file",
        "This file is @generated automatically"
    ],
    "hash": "8c8ea2ea06516dd43d842b321be2224b",
    "content-hash": "c342a898adbebe5520544585b531e6d5",
    "packages": [
        {
            "name": "bolandish/instagram-grabber",
            "version": "1.0.9",
            "source": {
                "type": "git",
                "url": "https://github.com/Bolandish/Instagram-Grabber.git",
                "reference": "2449912ced0606e2a6180f9acc18205acddd23e9"
            },
            "dist": {
                "type": "zip",
                "url": "https://api.github.com/repos/Bolandish/Instagram-Grabber/zipball/2449912ced0606e2a6180f9acc18205acddd23e9",
                "reference": "2449912ced0606e2a6180f9acc18205acddd23e9",
                "shasum": ""
            },
            "type": "library",
            "autoload": {
                "psr-4": {
                    "Bolandish\\": "src/"
                }
            },
            "notification-url": "https://packagist.org/downloads/",
            "authors": [
                {
                    "name": "Thomas Bolander",
                    "email": "privat@thomasbolander.dk"
                }
            ],
            "description": "A workaround for the new Instagram policy to get images by hashtag and user id. No need for accesstoken",
            "time": "2016-06-14 08:37:10"
        },
        {
            "name": "eliepse/basic-cache",
            "version": "0.3.0",
            "source": {
                "type": "git",
                "url": "https://github.com/Eliepse/Basic-Cache.git",
                "reference": "5c48f8cd0a38222e0ba87c2a17910e777d34a4a7"
            },
            "dist": {
                "type": "zip",
                "url": "https://api.github.com/repos/Eliepse/Basic-Cache/zipball/5c48f8cd0a38222e0ba87c2a17910e777d34a4a7",
                "reference": "5c48f8cd0a38222e0ba87c2a17910e777d34a4a7",
                "shasum": ""
            },
            "require": {
                "eliepse/config-manager": ">=0.1.0"
            },
            "type": "library",
            "autoload": {
                "psr-4": {
                    "Eliepse\\Cache\\": "App/"
                }
            },
            "license": [
                "MIT"
            ],
            "authors": [
                {
                    "name": "Elie Meignan",
                    "email": "contact@eliepse.fr"
                }
            ],
            "description": "A very simple cache system",
            "support": {
                "source": "https://github.com/Eliepse/Basic-Cache/tree/0.3.0",
                "issues": "https://github.com/Eliepse/Basic-Cache/issues"
            },
            "time": "2016-09-15 12:38:48"
        },
        {
            "name": "eliepse/config-manager",
            "version": "0.1.3",
            "source": {
                "type": "git",
                "url": "https://github.com/Eliepse/Config-Manager.git",
                "reference": "de46b44b03f432bf40671e4fdcc58c091b545581"
            },
            "dist": {
                "type": "zip",
                "url": "https://api.github.com/repos/Eliepse/Config-Manager/zipball/de46b44b03f432bf40671e4fdcc58c091b545581",
                "reference": "de46b44b03f432bf40671e4fdcc58c091b545581",
                "shasum": ""
            },
            "type": "library",
            "autoload": {
                "psr-4": {
                    "Eliepse\\Config\\": "App/"
                }
            },
            "license": [
                "MIT"
            ],
            "authors": [
                {
                    "name": "Elie Meignan",
                    "email": "contact@eliepse.fr"
                }
            ],
            "description": "A Simple config manager in PHP",
            "support": {
                "source": "https://github.com/Eliepse/Config-Manager/tree/0.1.3",
                "issues": "https://github.com/Eliepse/Config-Manager/issues"
            },
            "time": "2016-09-14 09:02:34"
        },
        {
            "name": "gregwar/cache",
            "version": "v1.0.10",
            "target-dir": "Gregwar/Cache",
            "source": {
                "type": "git",
                "url": "https://github.com/Gregwar/Cache.git",
                "reference": "0a1a02e4943e95f491b3d2395609247385975622"
            },
            "dist": {
                "type": "zip",
                "url": "https://api.github.com/repos/Gregwar/Cache/zipball/0a1a02e4943e95f491b3d2395609247385975622",
                "reference": "0a1a02e4943e95f491b3d2395609247385975622",
                "shasum": ""
            },
            "require": {
                "php": ">=5.3"
            },
            "type": "library",
            "autoload": {
                "psr-0": {
                    "Gregwar\\Cache": ""
                }
            },
            "notification-url": "https://packagist.org/downloads/",
            "license": [
                "MIT"
            ],
            "authors": [
                {
                    "name": "Gregwar",
                    "email": "g.passault@gmail.com"
                }
            ],
            "description": "A lightweight file-system cache system",
            "keywords": [
                "cache",
                "caching",
                "file-system",
                "system"
            ],
            "time": "2014-09-24 11:23:30"
        },
        {
            "name": "gregwar/image",
            "version": "v2.0.20",
            "target-dir": "Gregwar/Image",
            "source": {
                "type": "git",
                "url": "https://github.com/Gregwar/Image.git",
                "reference": "2c6bf2fb3b0eb844f0568d6ee55eeb86fc799414"
            },
            "dist": {
                "type": "zip",
                "url": "https://api.github.com/repos/Gregwar/Image/zipball/2c6bf2fb3b0eb844f0568d6ee55eeb86fc799414",
                "reference": "2c6bf2fb3b0eb844f0568d6ee55eeb86fc799414",
                "shasum": ""
            },
            "require": {
                "ext-gd": "*",
                "gregwar/cache": "1.*",
                "php": ">=5.3.0"
            },
            "suggest": {
                "behat/transliterator": "Transliterator provides ability to set non-latin1 pretty names"
            },
            "type": "library",
            "autoload": {
                "psr-0": {
                    "Gregwar\\Image": ""
                }
            },
            "notification-url": "https://packagist.org/downloads/",
            "license": [
                "MIT"
            ],
            "authors": [
                {
                    "name": "Grégoire Passault",
                    "email": "g.passault@gmail.com",
                    "homepage": "http://www.gregwar.com/"
                }
            ],
            "description": "Image handling",
            "homepage": "https://github.com/Gregwar/Image",
            "keywords": [
                "gd",
                "image"
            ],
            "time": "2015-05-30 19:24:37"
        }
    ],
    "packages-dev": [],
    "aliases": [],
    "minimum-stability": "stable",
    "stability-flags": [],
    "prefer-stable": false,
    "prefer-lowest": false,
    "platform": [],
    "platform-dev": []
}
